
Microsoft Visual Studio Solution File, Format Version 11.00
# Visual Studio 2010
Project("{FAE04EC0-301F-11D3-BF4B-00C04F79EFBC}") = "KeyValueClient", "ServiceClients\KeyValue\KeyValueClient.csproj", "{7A412BEA-ED4B-45A7-B2F0-526FB9B5D138}"
EndProject
Project("{FAE04EC0-301F-11D3-BF4B-00C04F79EFBC}") = "OcrClient", "ServiceClients\Ocr\OcrClient.csproj", "{888AF97D-C3AD-4EC2-A010-89910B3B5AA3}"
EndProject
Project("{FAE04EC0-301F-11D3-BF4B-00C04F79EFBC}") = "PathPredictionClient", "ServiceClients\PathPrediction\PathPredictionClient.csproj", "{4909F40C-ED3E-4DD8-B37D-EF24C5AEE21C}"
EndProject
Project("{FAE04EC0-301F-11D3-BF4B-00C04F79EFBC}") = "RelayClient", "ServiceClients\Relay\RelayClient.csproj", "{447FA831-F9C9-4905-A981-F24D09D49520}"
EndProject
Project("{FAE04EC0-301F-11D3-BF4B-00C04F79EFBC}") = "RendezvousClient", "ServiceClients\Rendezvous\RendezvousClient.csproj", "{A97408DC-31FF-4ACA-A4DE-43B438037C5E}"
EndProject
Project("{FAE04EC0-301F-11D3-BF4B-00C04F79EFBC}") = "SpeechToTextClient", "ServiceClients\SpeechToText\SpeechToTextClient.csproj", "{640E41EF-7F79-4388-93B2-7A2DCBDE4BD5}"
EndProject
Project("{FAE04EC0-301F-11D3-BF4B-00C04F79EFBC}") = "TranslatorClient", "ServiceClients\Translator\TranslatorClient.csproj", "{5948A164-BDD2-4D29-A4DE-3C5D49001F4D}"
EndProject
Project("{FAE04EC0-301F-11D3-BF4B-00C04F79EFBC}") = "KeyValueSampleApp", "Samples\KeyValue\KeyValueSample\KeyValueSampleApp.csproj", "{203176E0-3805-4E9C-8C62-790729B3A934}"
EndProject
Project("{FAE04EC0-301F-11D3-BF4B-00C04F79EFBC}") = "OcrSampleApp", "Samples\Ocr\OcrSample\OcrSampleApp.csproj", "{39B0F9B2-6FD0-4D92-9356-C00703751AE2}"
EndProject
Project("{FAE04EC0-301F-11D3-BF4B-00C04F79EFBC}") = "OcrSampleAppLite", "Samples\Ocr\OcrSampleLite\OcrSampleAppLite.csproj", "{88BDEF13-79E8-4B37-86D3-F3749C67E588}"
EndProject
Project("{FAE04EC0-301F-11D3-BF4B-00C04F79EFBC}") = "PathPredictionSampleApp", "Samples\PathPrediction\PathPredictionSample\PathPredictionSampleApp.csproj", "{0E564F5D-A49A-4FF1-BE25-4866890C6389}"
EndProject
Project("{FAE04EC0-301F-11D3-BF4B-00C04F79EFBC}") = "RelaySampleAppPivot", "Samples\Relay\RelayPivotSample\RelaySampleAppPivot.csproj", "{FEB251D4-9288-4241-A8B3-55D5BF74D472}"
EndProject
Project("{FAE04EC0-301F-11D3-BF4B-00C04F79EFBC}") = "RelaySampleApp", "Samples\Relay\RelaySample\RelaySampleApp.csproj", "{7E44D3D4-E5C8-4B7F-8E1A-00B19B8B359D}"
EndProject
Project("{FAE04EC0-301F-11D3-BF4B-00C04F79EFBC}") = "RendezvousSampleApp", "Samples\Rendezvous\RendezvousSample\RendezvousSampleApp.csproj", "{7A6D354C-8C20-4CD9-84F0-FD939B74DDB6}"
EndProject
Project("{FAE04EC0-301F-11D3-BF4B-00C04F79EFBC}") = "SpeechToTextSampleApp", "Samples\SpeechToText\SpeechToTextSample\SpeechToTextSampleApp.csproj", "{3927BCA2-FCF5-4C6C-B589-188A58355156}"
EndProject
Project("{FAE04EC0-301F-11D3-BF4B-00C04F79EFBC}") = "TranslatorSampleApp", "Samples\Translator\TranslatorSample\TranslatorSampleApp.csproj", "{8842E158-2291-4F39-BA39-23D8682AFD49}"
EndProject
Project("{FAE04EC0-301F-11D3-BF4B-00C04F79EFBC}") = "SmashClient", "ServiceClients\Smash\SmashClient\SmashClient.csproj", "{BF0F0FF2-1BCE-4A9D-AFB3-BDEA79B6B28A}"
EndProject
Project("{FAE04EC0-301F-11D3-BF4B-00C04F79EFBC}") = "SmashClientDesktop", "ServiceClients\Smash\SmashClientDesktop\SmashClientDesktop.csproj", "{3F4EAE99-0D01-445C-B64E-16341AF7A6ED}"
EndProject
Project("{FAE04EC0-301F-11D3-BF4B-00C04F79EFBC}") = "SmashSampleApp", "Samples\Smash\SmashSample\SmashSampleApp.csproj", "{C530F579-FB91-4237-BEB6-60CFFD5E7E12}"
EndProject
Project("{FAE04EC0-301F-11D3-BF4B-00C04F79EFBC}") = "SmashSampleAppDesktop", "Samples\Smash\SmashSampleDesktop\SmashSampleAppDesktop.csproj", "{90F07977-526C-491F-91D8-D1210C15F9E6}"
EndProject
Project("{FAE04EC0-301F-11D3-BF4B-00C04F79EFBC}") = "ClientLibraryBase", "Common\ClientLibraryBase\ClientLibraryBase.csproj", "{AC93C88D-4A95-48CD-BA6E-146A03AFEA53}"
EndProject
Global
	GlobalSection(SolutionConfigurationPlatforms) = preSolution
		Debug_Fast|Any CPU = Debug_Fast|Any CPU
		Debug_Fast|Mixed Platforms = Debug_Fast|Mixed Platforms
		Debug_Fast|x86 = Debug_Fast|x86
		Debug|Any CPU = Debug|Any CPU
		Debug|Mixed Platforms = Debug|Mixed Platforms
		Debug|x86 = Debug|x86
		Release|Any CPU = Release|Any CPU
		Release|Mixed Platforms = Release|Mixed Platforms
		Release|x86 = Release|x86
	EndGlobalSection
	GlobalSection(ProjectConfigurationPlatforms) = postSolution
		{7A412BEA-ED4B-45A7-B2F0-526FB9B5D138}.Debug_Fast|Any CPU.ActiveCfg = Debug|Any CPU
		{7A412BEA-ED4B-45A7-B2F0-526FB9B5D138}.Debug_Fast|Any CPU.Build.0 = Debug|Any CPU
		{7A412BEA-ED4B-45A7-B2F0-526FB9B5D138}.Debug_Fast|Mixed Platforms.ActiveCfg = Debug|Any CPU
		{7A412BEA-ED4B-45A7-B2F0-526FB9B5D138}.Debug_Fast|Mixed Platforms.Build.0 = Debug|Any CPU
		{7A412BEA-ED4B-45A7-B2F0-526FB9B5D138}.Debug_Fast|x86.ActiveCfg = Debug|Any CPU
		{7A412BEA-ED4B-45A7-B2F0-526FB9B5D138}.Debug|Any CPU.ActiveCfg = Debug|Any CPU
		{7A412BEA-ED4B-45A7-B2F0-526FB9B5D138}.Debug|Any CPU.Build.0 = Debug|Any CPU
		{7A412BEA-ED4B-45A7-B2F0-526FB9B5D138}.Debug|Mixed Platforms.ActiveCfg = Debug|Any CPU
		{7A412BEA-ED4B-45A7-B2F0-526FB9B5D138}.Debug|Mixed Platforms.Build.0 = Debug|Any CPU
		{7A412BEA-ED4B-45A7-B2F0-526FB9B5D138}.Debug|x86.ActiveCfg = Debug|Any CPU
		{7A412BEA-ED4B-45A7-B2F0-526FB9B5D138}.Release|Any CPU.ActiveCfg = Release|Any CPU
		{7A412BEA-ED4B-45A7-B2F0-526FB9B5D138}.Release|Any CPU.Build.0 = Release|Any CPU
		{7A412BEA-ED4B-45A7-B2F0-526FB9B5D138}.Release|Mixed Platforms.ActiveCfg = Release|Any CPU
		{7A412BEA-ED4B-45A7-B2F0-526FB9B5D138}.Release|Mixed Platforms.Build.0 = Release|Any CPU
		{7A412BEA-ED4B-45A7-B2F0-526FB9B5D138}.Release|x86.ActiveCfg = Release|Any CPU
		{888AF97D-C3AD-4EC2-A010-89910B3B5AA3}.Debug_Fast|Any CPU.ActiveCfg = Debug_Fast|Any CPU
		{888AF97D-C3AD-4EC2-A010-89910B3B5AA3}.Debug_Fast|Any CPU.Build.0 = Debug_Fast|Any CPU
		{888AF97D-C3AD-4EC2-A010-89910B3B5AA3}.Debug_Fast|Mixed Platforms.ActiveCfg = Debug_Fast|Any CPU
		{888AF97D-C3AD-4EC2-A010-89910B3B5AA3}.Debug_Fast|Mixed Platforms.Build.0 = Debug_Fast|Any CPU
		{888AF97D-C3AD-4EC2-A010-89910B3B5AA3}.Debug_Fast|x86.ActiveCfg = Debug_Fast|Any CPU
		{888AF97D-C3AD-4EC2-A010-89910B3B5AA3}.Debug|Any CPU.ActiveCfg = Debug|Any CPU
		{888AF97D-C3AD-4EC2-A010-89910B3B5AA3}.Debug|Any CPU.Build.0 = Debug|Any CPU
		{888AF97D-C3AD-4EC2-A010-89910B3B5AA3}.Debug|Mixed Platforms.ActiveCfg = Debug|Any CPU
		{888AF97D-C3AD-4EC2-A010-89910B3B5AA3}.Debug|Mixed Platforms.Build.0 = Debug|Any CPU
		{888AF97D-C3AD-4EC2-A010-89910B3B5AA3}.Debug|x86.ActiveCfg = Debug|Any CPU
		{888AF97D-C3AD-4EC2-A010-89910B3B5AA3}.Release|Any CPU.ActiveCfg = Release|Any CPU
		{888AF97D-C3AD-4EC2-A010-89910B3B5AA3}.Release|Any CPU.Build.0 = Release|Any CPU
		{888AF97D-C3AD-4EC2-A010-89910B3B5AA3}.Release|Mixed Platforms.ActiveCfg = Release|Any CPU
		{888AF97D-C3AD-4EC2-A010-89910B3B5AA3}.Release|Mixed Platforms.Build.0 = Release|Any CPU
		{888AF97D-C3AD-4EC2-A010-89910B3B5AA3}.Release|x86.ActiveCfg = Release|Any CPU
		{4909F40C-ED3E-4DD8-B37D-EF24C5AEE21C}.Debug_Fast|Any CPU.ActiveCfg = Debug_Fast|Any CPU
		{4909F40C-ED3E-4DD8-B37D-EF24C5AEE21C}.Debug_Fast|Any CPU.Build.0 = Debug_Fast|Any CPU
		{4909F40C-ED3E-4DD8-B37D-EF24C5AEE21C}.Debug_Fast|Mixed Platforms.ActiveCfg = Debug_Fast|Any CPU
		{4909F40C-ED3E-4DD8-B37D-EF24C5AEE21C}.Debug_Fast|Mixed Platforms.Build.0 = Debug_Fast|Any CPU
		{4909F40C-ED3E-4DD8-B37D-EF24C5AEE21C}.Debug_Fast|x86.ActiveCfg = Debug_Fast|Any CPU
		{4909F40C-ED3E-4DD8-B37D-EF24C5AEE21C}.Debug|Any CPU.ActiveCfg = Debug|Any CPU
		{4909F40C-ED3E-4DD8-B37D-EF24C5AEE21C}.Debug|Any CPU.Build.0 = Debug|Any CPU
		{4909F40C-ED3E-4DD8-B37D-EF24C5AEE21C}.Debug|Mixed Platforms.ActiveCfg = Debug|Any CPU
		{4909F40C-ED3E-4DD8-B37D-EF24C5AEE21C}.Debug|Mixed Platforms.Build.0 = Debug|Any CPU
		{4909F40C-ED3E-4DD8-B37D-EF24C5AEE21C}.Debug|x86.ActiveCfg = Debug|Any CPU
		{4909F40C-ED3E-4DD8-B37D-EF24C5AEE21C}.Release|Any CPU.ActiveCfg = Release|Any CPU
		{4909F40C-ED3E-4DD8-B37D-EF24C5AEE21C}.Release|Any CPU.Build.0 = Release|Any CPU
		{4909F40C-ED3E-4DD8-B37D-EF24C5AEE21C}.Release|Mixed Platforms.ActiveCfg = Release|Any CPU
		{4909F40C-ED3E-4DD8-B37D-EF24C5AEE21C}.Release|Mixed Platforms.Build.0 = Release|Any CPU
		{4909F40C-ED3E-4DD8-B37D-EF24C5AEE21C}.Release|x86.ActiveCfg = Release|Any CPU
		{447FA831-F9C9-4905-A981-F24D09D49520}.Debug_Fast|Any CPU.ActiveCfg = Debug_Fast|Any CPU
		{447FA831-F9C9-4905-A981-F24D09D49520}.Debug_Fast|Any CPU.Build.0 = Debug_Fast|Any CPU
		{447FA831-F9C9-4905-A981-F24D09D49520}.Debug_Fast|Mixed Platforms.ActiveCfg = Debug_Fast|Any CPU
		{447FA831-F9C9-4905-A981-F24D09D49520}.Debug_Fast|Mixed Platforms.Build.0 = Debug_Fast|Any CPU
		{447FA831-F9C9-4905-A981-F24D09D49520}.Debug_Fast|x86.ActiveCfg = Debug_Fast|Any CPU
		{447FA831-F9C9-4905-A981-F24D09D49520}.Debug|Any CPU.ActiveCfg = Debug|Any CPU
		{447FA831-F9C9-4905-A981-F24D09D49520}.Debug|Any CPU.Build.0 = Debug|Any CPU
		{447FA831-F9C9-4905-A981-F24D09D49520}.Debug|Mixed Platforms.ActiveCfg = Debug|Any CPU
		{447FA831-F9C9-4905-A981-F24D09D49520}.Debug|Mixed Platforms.Build.0 = Debug|Any CPU
		{447FA831-F9C9-4905-A981-F24D09D49520}.Debug|x86.ActiveCfg = Debug|Any CPU
		{447FA831-F9C9-4905-A981-F24D09D49520}.Release|Any CPU.ActiveCfg = Release|Any CPU
		{447FA831-F9C9-4905-A981-F24D09D49520}.Release|Any CPU.Build.0 = Release|Any CPU
		{447FA831-F9C9-4905-A981-F24D09D49520}.Release|Mixed Platforms.ActiveCfg = Release|Any CPU
		{447FA831-F9C9-4905-A981-F24D09D49520}.Release|Mixed Platforms.Build.0 = Release|Any CPU
		{447FA831-F9C9-4905-A981-F24D09D49520}.Release|x86.ActiveCfg = Release|Any CPU
		{A97408DC-31FF-4ACA-A4DE-43B438037C5E}.Debug_Fast|Any CPU.ActiveCfg = Debug_Fast|Any CPU
		{A97408DC-31FF-4ACA-A4DE-43B438037C5E}.Debug_Fast|Any CPU.Build.0 = Debug_Fast|Any CPU
		{A97408DC-31FF-4ACA-A4DE-43B438037C5E}.Debug_Fast|Mixed Platforms.ActiveCfg = Debug_Fast|Any CPU
		{A97408DC-31FF-4ACA-A4DE-43B438037C5E}.Debug_Fast|Mixed Platforms.Build.0 = Debug_Fast|Any CPU
		{A97408DC-31FF-4ACA-A4DE-43B438037C5E}.Debug_Fast|x86.ActiveCfg = Debug_Fast|Any CPU
		{A97408DC-31FF-4ACA-A4DE-43B438037C5E}.Debug|Any CPU.ActiveCfg = Debug|Any CPU
		{A97408DC-31FF-4ACA-A4DE-43B438037C5E}.Debug|Any CPU.Build.0 = Debug|Any CPU
		{A97408DC-31FF-4ACA-A4DE-43B438037C5E}.Debug|Mixed Platforms.ActiveCfg = Debug|Any CPU
		{A97408DC-31FF-4ACA-A4DE-43B438037C5E}.Debug|Mixed Platforms.Build.0 = Debug|Any CPU
		{A97408DC-31FF-4ACA-A4DE-43B438037C5E}.Debug|x86.ActiveCfg = Debug|Any CPU
		{A97408DC-31FF-4ACA-A4DE-43B438037C5E}.Release|Any CPU.ActiveCfg = Release|Any CPU
		{A97408DC-31FF-4ACA-A4DE-43B438037C5E}.Release|Any CPU.Build.0 = Release|Any CPU
		{A97408DC-31FF-4ACA-A4DE-43B438037C5E}.Release|Mixed Platforms.ActiveCfg = Release|Any CPU
		{A97408DC-31FF-4ACA-A4DE-43B438037C5E}.Release|Mixed Platforms.Build.0 = Release|Any CPU
		{A97408DC-31FF-4ACA-A4DE-43B438037C5E}.Release|x86.ActiveCfg = Release|Any CPU
		{640E41EF-7F79-4388-93B2-7A2DCBDE4BD5}.Debug_Fast|Any CPU.ActiveCfg = Debug_Fast|Any CPU
		{640E41EF-7F79-4388-93B2-7A2DCBDE4BD5}.Debug_Fast|Any CPU.Build.0 = Debug_Fast|Any CPU
		{640E41EF-7F79-4388-93B2-7A2DCBDE4BD5}.Debug_Fast|Mixed Platforms.ActiveCfg = Debug_Fast|Any CPU
		{640E41EF-7F79-4388-93B2-7A2DCBDE4BD5}.Debug_Fast|Mixed Platforms.Build.0 = Debug_Fast|Any CPU
		{640E41EF-7F79-4388-93B2-7A2DCBDE4BD5}.Debug_Fast|x86.ActiveCfg = Debug_Fast|Any CPU
		{640E41EF-7F79-4388-93B2-7A2DCBDE4BD5}.Debug|Any CPU.ActiveCfg = Debug|Any CPU
		{640E41EF-7F79-4388-93B2-7A2DCBDE4BD5}.Debug|Any CPU.Build.0 = Debug|Any CPU
		{640E41EF-7F79-4388-93B2-7A2DCBDE4BD5}.Debug|Mixed Platforms.ActiveCfg = Debug|Any CPU
		{640E41EF-7F79-4388-93B2-7A2DCBDE4BD5}.Debug|Mixed Platforms.Build.0 = Debug|Any CPU
		{640E41EF-7F79-4388-93B2-7A2DCBDE4BD5}.Debug|x86.ActiveCfg = Debug|Any CPU
		{640E41EF-7F79-4388-93B2-7A2DCBDE4BD5}.Release|Any CPU.ActiveCfg = Release|Any CPU
		{640E41EF-7F79-4388-93B2-7A2DCBDE4BD5}.Release|Any CPU.Build.0 = Release|Any CPU
		{640E41EF-7F79-4388-93B2-7A2DCBDE4BD5}.Release|Mixed Platforms.ActiveCfg = Release|Any CPU
		{640E41EF-7F79-4388-93B2-7A2DCBDE4BD5}.Release|Mixed Platforms.Build.0 = Release|Any CPU
		{640E41EF-7F79-4388-93B2-7A2DCBDE4BD5}.Release|x86.ActiveCfg = Release|Any CPU
		{5948A164-BDD2-4D29-A4DE-3C5D49001F4D}.Debug_Fast|Any CPU.ActiveCfg = Debug|Any CPU
		{5948A164-BDD2-4D29-A4DE-3C5D49001F4D}.Debug_Fast|Any CPU.Build.0 = Debug|Any CPU
		{5948A164-BDD2-4D29-A4DE-3C5D49001F4D}.Debug_Fast|Mixed Platforms.ActiveCfg = Debug|Any CPU
		{5948A164-BDD2-4D29-A4DE-3C5D49001F4D}.Debug_Fast|Mixed Platforms.Build.0 = Debug|Any CPU
		{5948A164-BDD2-4D29-A4DE-3C5D49001F4D}.Debug_Fast|x86.ActiveCfg = Debug|Any CPU
		{5948A164-BDD2-4D29-A4DE-3C5D49001F4D}.Debug|Any CPU.ActiveCfg = Debug|Any CPU
		{5948A164-BDD2-4D29-A4DE-3C5D49001F4D}.Debug|Any CPU.Build.0 = Debug|Any CPU
		{5948A164-BDD2-4D29-A4DE-3C5D49001F4D}.Debug|Mixed Platforms.ActiveCfg = Debug|Any CPU
		{5948A164-BDD2-4D29-A4DE-3C5D49001F4D}.Debug|Mixed Platforms.Build.0 = Debug|Any CPU
		{5948A164-BDD2-4D29-A4DE-3C5D49001F4D}.Debug|x86.ActiveCfg = Debug|Any CPU
		{5948A164-BDD2-4D29-A4DE-3C5D49001F4D}.Release|Any CPU.ActiveCfg = Release|Any CPU
		{5948A164-BDD2-4D29-A4DE-3C5D49001F4D}.Release|Any CPU.Build.0 = Release|Any CPU
		{5948A164-BDD2-4D29-A4DE-3C5D49001F4D}.Release|Mixed Platforms.ActiveCfg = Release|Any CPU
		{5948A164-BDD2-4D29-A4DE-3C5D49001F4D}.Release|Mixed Platforms.Build.0 = Release|Any CPU
		{5948A164-BDD2-4D29-A4DE-3C5D49001F4D}.Release|x86.ActiveCfg = Release|Any CPU
		{203176E0-3805-4E9C-8C62-790729B3A934}.Debug_Fast|Any CPU.ActiveCfg = Debug|Any CPU
		{203176E0-3805-4E9C-8C62-790729B3A934}.Debug_Fast|Any CPU.Build.0 = Debug|Any CPU
		{203176E0-3805-4E9C-8C62-790729B3A934}.Debug_Fast|Any CPU.Deploy.0 = Debug|Any CPU
		{203176E0-3805-4E9C-8C62-790729B3A934}.Debug_Fast|Mixed Platforms.ActiveCfg = Debug|Any CPU
		{203176E0-3805-4E9C-8C62-790729B3A934}.Debug_Fast|Mixed Platforms.Build.0 = Debug|Any CPU
		{203176E0-3805-4E9C-8C62-790729B3A934}.Debug_Fast|Mixed Platforms.Deploy.0 = Debug|Any CPU
		{203176E0-3805-4E9C-8C62-790729B3A934}.Debug_Fast|x86.ActiveCfg = Debug|Any CPU
		{203176E0-3805-4E9C-8C62-790729B3A934}.Debug|Any CPU.ActiveCfg = Debug|Any CPU
		{203176E0-3805-4E9C-8C62-790729B3A934}.Debug|Any CPU.Build.0 = Debug|Any CPU
		{203176E0-3805-4E9C-8C62-790729B3A934}.Debug|Any CPU.Deploy.0 = Debug|Any CPU
		{203176E0-3805-4E9C-8C62-790729B3A934}.Debug|Mixed Platforms.ActiveCfg = Debug|Any CPU
		{203176E0-3805-4E9C-8C62-790729B3A934}.Debug|Mixed Platforms.Build.0 = Debug|Any CPU
		{203176E0-3805-4E9C-8C62-790729B3A934}.Debug|Mixed Platforms.Deploy.0 = Debug|Any CPU
		{203176E0-3805-4E9C-8C62-790729B3A934}.Debug|x86.ActiveCfg = Debug|Any CPU
		{203176E0-3805-4E9C-8C62-790729B3A934}.Release|Any CPU.ActiveCfg = Release|Any CPU
		{203176E0-3805-4E9C-8C62-790729B3A934}.Release|Any CPU.Build.0 = Release|Any CPU
		{203176E0-3805-4E9C-8C62-790729B3A934}.Release|Any CPU.Deploy.0 = Release|Any CPU
		{203176E0-3805-4E9C-8C62-790729B3A934}.Release|Mixed Platforms.ActiveCfg = Release|Any CPU
		{203176E0-3805-4E9C-8C62-790729B3A934}.Release|Mixed Platforms.Build.0 = Release|Any CPU
		{203176E0-3805-4E9C-8C62-790729B3A934}.Release|Mixed Platforms.Deploy.0 = Release|Any CPU
		{203176E0-3805-4E9C-8C62-790729B3A934}.Release|x86.ActiveCfg = Release|Any CPU
		{39B0F9B2-6FD0-4D92-9356-C00703751AE2}.Debug_Fast|Any CPU.ActiveCfg = Debug_Fast|Any CPU
		{39B0F9B2-6FD0-4D92-9356-C00703751AE2}.Debug_Fast|Any CPU.Build.0 = Debug_Fast|Any CPU
		{39B0F9B2-6FD0-4D92-9356-C00703751AE2}.Debug_Fast|Any CPU.Deploy.0 = Debug_Fast|Any CPU
		{39B0F9B2-6FD0-4D92-9356-C00703751AE2}.Debug_Fast|Mixed Platforms.ActiveCfg = Debug_Fast|Any CPU
		{39B0F9B2-6FD0-4D92-9356-C00703751AE2}.Debug_Fast|Mixed Platforms.Build.0 = Debug_Fast|Any CPU
		{39B0F9B2-6FD0-4D92-9356-C00703751AE2}.Debug_Fast|Mixed Platforms.Deploy.0 = Debug_Fast|Any CPU
		{39B0F9B2-6FD0-4D92-9356-C00703751AE2}.Debug_Fast|x86.ActiveCfg = Debug_Fast|Any CPU
		{39B0F9B2-6FD0-4D92-9356-C00703751AE2}.Debug|Any CPU.ActiveCfg = Debug|Any CPU
		{39B0F9B2-6FD0-4D92-9356-C00703751AE2}.Debug|Any CPU.Build.0 = Debug|Any CPU
		{39B0F9B2-6FD0-4D92-9356-C00703751AE2}.Debug|Any CPU.Deploy.0 = Debug|Any CPU
		{39B0F9B2-6FD0-4D92-9356-C00703751AE2}.Debug|Mixed Platforms.ActiveCfg = Debug|Any CPU
		{39B0F9B2-6FD0-4D92-9356-C00703751AE2}.Debug|Mixed Platforms.Build.0 = Debug|Any CPU
		{39B0F9B2-6FD0-4D92-9356-C00703751AE2}.Debug|Mixed Platforms.Deploy.0 = Debug|Any CPU
		{39B0F9B2-6FD0-4D92-9356-C00703751AE2}.Debug|x86.ActiveCfg = Debug|Any CPU
		{39B0F9B2-6FD0-4D92-9356-C00703751AE2}.Release|Any CPU.ActiveCfg = Release|Any CPU
		{39B0F9B2-6FD0-4D92-9356-C00703751AE2}.Release|Any CPU.Build.0 = Release|Any CPU
		{39B0F9B2-6FD0-4D92-9356-C00703751AE2}.Release|Any CPU.Deploy.0 = Release|Any CPU
		{39B0F9B2-6FD0-4D92-9356-C00703751AE2}.Release|Mixed Platforms.ActiveCfg = Release|Any CPU
		{39B0F9B2-6FD0-4D92-9356-C00703751AE2}.Release|Mixed Platforms.Build.0 = Release|Any CPU
		{39B0F9B2-6FD0-4D92-9356-C00703751AE2}.Release|Mixed Platforms.Deploy.0 = Release|Any CPU
		{39B0F9B2-6FD0-4D92-9356-C00703751AE2}.Release|x86.ActiveCfg = Release|Any CPU
		{88BDEF13-79E8-4B37-86D3-F3749C67E588}.Debug_Fast|Any CPU.ActiveCfg = Debug_Fast|Any CPU
		{88BDEF13-79E8-4B37-86D3-F3749C67E588}.Debug_Fast|Any CPU.Build.0 = Debug_Fast|Any CPU
		{88BDEF13-79E8-4B37-86D3-F3749C67E588}.Debug_Fast|Any CPU.Deploy.0 = Debug_Fast|Any CPU
		{88BDEF13-79E8-4B37-86D3-F3749C67E588}.Debug_Fast|Mixed Platforms.ActiveCfg = Debug_Fast|Any CPU
		{88BDEF13-79E8-4B37-86D3-F3749C67E588}.Debug_Fast|Mixed Platforms.Build.0 = Debug_Fast|Any CPU
		{88BDEF13-79E8-4B37-86D3-F3749C67E588}.Debug_Fast|Mixed Platforms.Deploy.0 = Debug_Fast|Any CPU
		{88BDEF13-79E8-4B37-86D3-F3749C67E588}.Debug_Fast|x86.ActiveCfg = Debug_Fast|Any CPU
		{88BDEF13-79E8-4B37-86D3-F3749C67E588}.Debug|Any CPU.ActiveCfg = Debug|Any CPU
		{88BDEF13-79E8-4B37-86D3-F3749C67E588}.Debug|Any CPU.Build.0 = Debug|Any CPU
		{88BDEF13-79E8-4B37-86D3-F3749C67E588}.Debug|Any CPU.Deploy.0 = Debug|Any CPU
		{88BDEF13-79E8-4B37-86D3-F3749C67E588}.Debug|Mixed Platforms.ActiveCfg = Debug|Any CPU
		{88BDEF13-79E8-4B37-86D3-F3749C67E588}.Debug|Mixed Platforms.Build.0 = Debug|Any CPU
		{88BDEF13-79E8-4B37-86D3-F3749C67E588}.Debug|Mixed Platforms.Deploy.0 = Debug|Any CPU
		{88BDEF13-79E8-4B37-86D3-F3749C67E588}.Debug|x86.ActiveCfg = Debug|Any CPU
		{88BDEF13-79E8-4B37-86D3-F3749C67E588}.Release|Any CPU.ActiveCfg = Release|Any CPU
		{88BDEF13-79E8-4B37-86D3-F3749C67E588}.Release|Any CPU.Build.0 = Release|Any CPU
		{88BDEF13-79E8-4B37-86D3-F3749C67E588}.Release|Any CPU.Deploy.0 = Release|Any CPU
		{88BDEF13-79E8-4B37-86D3-F3749C67E588}.Release|Mixed Platforms.ActiveCfg = Release|Any CPU
		{88BDEF13-79E8-4B37-86D3-F3749C67E588}.Release|Mixed Platforms.Build.0 = Release|Any CPU
		{88BDEF13-79E8-4B37-86D3-F3749C67E588}.Release|Mixed Platforms.Deploy.0 = Release|Any CPU
		{88BDEF13-79E8-4B37-86D3-F3749C67E588}.Release|x86.ActiveCfg = Release|Any CPU
		{0E564F5D-A49A-4FF1-BE25-4866890C6389}.Debug_Fast|Any CPU.ActiveCfg = Debug|Any CPU
		{0E564F5D-A49A-4FF1-BE25-4866890C6389}.Debug_Fast|Any CPU.Build.0 = Debug|Any CPU
		{0E564F5D-A49A-4FF1-BE25-4866890C6389}.Debug_Fast|Any CPU.Deploy.0 = Debug|Any CPU
		{0E564F5D-A49A-4FF1-BE25-4866890C6389}.Debug_Fast|Mixed Platforms.ActiveCfg = Debug|Any CPU
		{0E564F5D-A49A-4FF1-BE25-4866890C6389}.Debug_Fast|Mixed Platforms.Build.0 = Debug|Any CPU
		{0E564F5D-A49A-4FF1-BE25-4866890C6389}.Debug_Fast|Mixed Platforms.Deploy.0 = Debug|Any CPU
		{0E564F5D-A49A-4FF1-BE25-4866890C6389}.Debug_Fast|x86.ActiveCfg = Debug|Any CPU
		{0E564F5D-A49A-4FF1-BE25-4866890C6389}.Debug|Any CPU.ActiveCfg = Debug|Any CPU
		{0E564F5D-A49A-4FF1-BE25-4866890C6389}.Debug|Any CPU.Build.0 = Debug|Any CPU
		{0E564F5D-A49A-4FF1-BE25-4866890C6389}.Debug|Any CPU.Deploy.0 = Debug|Any CPU
		{0E564F5D-A49A-4FF1-BE25-4866890C6389}.Debug|Mixed Platforms.ActiveCfg = Debug|Any CPU
		{0E564F5D-A49A-4FF1-BE25-4866890C6389}.Debug|Mixed Platforms.Build.0 = Debug|Any CPU
		{0E564F5D-A49A-4FF1-BE25-4866890C6389}.Debug|Mixed Platforms.Deploy.0 = Debug|Any CPU
		{0E564F5D-A49A-4FF1-BE25-4866890C6389}.Debug|x86.ActiveCfg = Debug|Any CPU
		{0E564F5D-A49A-4FF1-BE25-4866890C6389}.Release|Any CPU.ActiveCfg = Release|Any CPU
		{0E564F5D-A49A-4FF1-BE25-4866890C6389}.Release|Any CPU.Build.0 = Release|Any CPU
		{0E564F5D-A49A-4FF1-BE25-4866890C6389}.Release|Any CPU.Deploy.0 = Release|Any CPU
		{0E564F5D-A49A-4FF1-BE25-4866890C6389}.Release|Mixed Platforms.ActiveCfg = Release|Any CPU
		{0E564F5D-A49A-4FF1-BE25-4866890C6389}.Release|Mixed Platforms.Build.0 = Release|Any CPU
		{0E564F5D-A49A-4FF1-BE25-4866890C6389}.Release|Mixed Platforms.Deploy.0 = Release|Any CPU
		{0E564F5D-A49A-4FF1-BE25-4866890C6389}.Release|x86.ActiveCfg = Release|Any CPU
		{FEB251D4-9288-4241-A8B3-55D5BF74D472}.Debug_Fast|Any CPU.ActiveCfg = Debug_Fast|Any CPU
		{FEB251D4-9288-4241-A8B3-55D5BF74D472}.Debug_Fast|Any CPU.Build.0 = Debug_Fast|Any CPU
		{FEB251D4-9288-4241-A8B3-55D5BF74D472}.Debug_Fast|Any CPU.Deploy.0 = Debug_Fast|Any CPU
		{FEB251D4-9288-4241-A8B3-55D5BF74D472}.Debug_Fast|Mixed Platforms.ActiveCfg = Debug_Fast|Any CPU
		{FEB251D4-9288-4241-A8B3-55D5BF74D472}.Debug_Fast|Mixed Platforms.Build.0 = Debug_Fast|Any CPU
		{FEB251D4-9288-4241-A8B3-55D5BF74D472}.Debug_Fast|Mixed Platforms.Deploy.0 = Debug_Fast|Any CPU
		{FEB251D4-9288-4241-A8B3-55D5BF74D472}.Debug_Fast|x86.ActiveCfg = Debug_Fast|Any CPU
		{FEB251D4-9288-4241-A8B3-55D5BF74D472}.Debug|Any CPU.ActiveCfg = Debug|Any CPU
		{FEB251D4-9288-4241-A8B3-55D5BF74D472}.Debug|Any CPU.Build.0 = Debug|Any CPU
		{FEB251D4-9288-4241-A8B3-55D5BF74D472}.Debug|Any CPU.Deploy.0 = Debug|Any CPU
		{FEB251D4-9288-4241-A8B3-55D5BF74D472}.Debug|Mixed Platforms.ActiveCfg = Debug|Any CPU
		{FEB251D4-9288-4241-A8B3-55D5BF74D472}.Debug|Mixed Platforms.Build.0 = Debug|Any CPU
		{FEB251D4-9288-4241-A8B3-55D5BF74D472}.Debug|Mixed Platforms.Deploy.0 = Debug|Any CPU
		{FEB251D4-9288-4241-A8B3-55D5BF74D472}.Debug|x86.ActiveCfg = Debug|Any CPU
		{FEB251D4-9288-4241-A8B3-55D5BF74D472}.Release|Any CPU.ActiveCfg = Release|Any CPU
		{FEB251D4-9288-4241-A8B3-55D5BF74D472}.Release|Any CPU.Build.0 = Release|Any CPU
		{FEB251D4-9288-4241-A8B3-55D5BF74D472}.Release|Any CPU.Deploy.0 = Release|Any CPU
		{FEB251D4-9288-4241-A8B3-55D5BF74D472}.Release|Mixed Platforms.ActiveCfg = Release|Any CPU
		{FEB251D4-9288-4241-A8B3-55D5BF74D472}.Release|Mixed Platforms.Build.0 = Release|Any CPU
		{FEB251D4-9288-4241-A8B3-55D5BF74D472}.Release|Mixed Platforms.Deploy.0 = Release|Any CPU
		{FEB251D4-9288-4241-A8B3-55D5BF74D472}.Release|x86.ActiveCfg = Release|Any CPU
		{7E44D3D4-E5C8-4B7F-8E1A-00B19B8B359D}.Debug_Fast|Any CPU.ActiveCfg = Debug_Fast|Any CPU
		{7E44D3D4-E5C8-4B7F-8E1A-00B19B8B359D}.Debug_Fast|Any CPU.Build.0 = Debug_Fast|Any CPU
		{7E44D3D4-E5C8-4B7F-8E1A-00B19B8B359D}.Debug_Fast|Any CPU.Deploy.0 = Debug_Fast|Any CPU
		{7E44D3D4-E5C8-4B7F-8E1A-00B19B8B359D}.Debug_Fast|Mixed Platforms.ActiveCfg = Debug_Fast|Any CPU
		{7E44D3D4-E5C8-4B7F-8E1A-00B19B8B359D}.Debug_Fast|Mixed Platforms.Build.0 = Debug_Fast|Any CPU
		{7E44D3D4-E5C8-4B7F-8E1A-00B19B8B359D}.Debug_Fast|Mixed Platforms.Deploy.0 = Debug_Fast|Any CPU
		{7E44D3D4-E5C8-4B7F-8E1A-00B19B8B359D}.Debug_Fast|x86.ActiveCfg = Debug_Fast|Any CPU
		{7E44D3D4-E5C8-4B7F-8E1A-00B19B8B359D}.Debug|Any CPU.ActiveCfg = Debug|Any CPU
		{7E44D3D4-E5C8-4B7F-8E1A-00B19B8B359D}.Debug|Any CPU.Build.0 = Debug|Any CPU
		{7E44D3D4-E5C8-4B7F-8E1A-00B19B8B359D}.Debug|Any CPU.Deploy.0 = Debug|Any CPU
		{7E44D3D4-E5C8-4B7F-8E1A-00B19B8B359D}.Debug|Mixed Platforms.ActiveCfg = Debug|Any CPU
		{7E44D3D4-E5C8-4B7F-8E1A-00B19B8B359D}.Debug|Mixed Platforms.Build.0 = Debug|Any CPU
		{7E44D3D4-E5C8-4B7F-8E1A-00B19B8B359D}.Debug|Mixed Platforms.Deploy.0 = Debug|Any CPU
		{7E44D3D4-E5C8-4B7F-8E1A-00B19B8B359D}.Debug|x86.ActiveCfg = Debug|Any CPU
		{7E44D3D4-E5C8-4B7F-8E1A-00B19B8B359D}.Release|Any CPU.ActiveCfg = Release|Any CPU
		{7E44D3D4-E5C8-4B7F-8E1A-00B19B8B359D}.Release|Any CPU.Build.0 = Release|Any CPU
		{7E44D3D4-E5C8-4B7F-8E1A-00B19B8B359D}.Release|Any CPU.Deploy.0 = Release|Any CPU
		{7E44D3D4-E5C8-4B7F-8E1A-00B19B8B359D}.Release|Mixed Platforms.ActiveCfg = Release|Any CPU
		{7E44D3D4-E5C8-4B7F-8E1A-00B19B8B359D}.Release|Mixed Platforms.Build.0 = Release|Any CPU
		{7E44D3D4-E5C8-4B7F-8E1A-00B19B8B359D}.Release|Mixed Platforms.Deploy.0 = Release|Any CPU
		{7E44D3D4-E5C8-4B7F-8E1A-00B19B8B359D}.Release|x86.ActiveCfg = Release|Any CPU
		{7A6D354C-8C20-4CD9-84F0-FD939B74DDB6}.Debug_Fast|Any CPU.ActiveCfg = Debug_Fast|Any CPU
		{7A6D354C-8C20-4CD9-84F0-FD939B74DDB6}.Debug_Fast|Any CPU.Build.0 = Debug_Fast|Any CPU
		{7A6D354C-8C20-4CD9-84F0-FD939B74DDB6}.Debug_Fast|Any CPU.Deploy.0 = Debug_Fast|Any CPU
		{7A6D354C-8C20-4CD9-84F0-FD939B74DDB6}.Debug_Fast|Mixed Platforms.ActiveCfg = Debug_Fast|Any CPU
		{7A6D354C-8C20-4CD9-84F0-FD939B74DDB6}.Debug_Fast|Mixed Platforms.Build.0 = Debug_Fast|Any CPU
		{7A6D354C-8C20-4CD9-84F0-FD939B74DDB6}.Debug_Fast|Mixed Platforms.Deploy.0 = Debug_Fast|Any CPU
		{7A6D354C-8C20-4CD9-84F0-FD939B74DDB6}.Debug_Fast|x86.ActiveCfg = Debug_Fast|Any CPU
		{7A6D354C-8C20-4CD9-84F0-FD939B74DDB6}.Debug|Any CPU.ActiveCfg = Debug|Any CPU
		{7A6D354C-8C20-4CD9-84F0-FD939B74DDB6}.Debug|Any CPU.Build.0 = Debug|Any CPU
		{7A6D354C-8C20-4CD9-84F0-FD939B74DDB6}.Debug|Any CPU.Deploy.0 = Debug|Any CPU
		{7A6D354C-8C20-4CD9-84F0-FD939B74DDB6}.Debug|Mixed Platforms.ActiveCfg = Debug|Any CPU
		{7A6D354C-8C20-4CD9-84F0-FD939B74DDB6}.Debug|Mixed Platforms.Build.0 = Debug|Any CPU
		{7A6D354C-8C20-4CD9-84F0-FD939B74DDB6}.Debug|Mixed Platforms.Deploy.0 = Debug|Any CPU
		{7A6D354C-8C20-4CD9-84F0-FD939B74DDB6}.Debug|x86.ActiveCfg = Debug|Any CPU
		{7A6D354C-8C20-4CD9-84F0-FD939B74DDB6}.Release|Any CPU.ActiveCfg = Release|Any CPU
		{7A6D354C-8C20-4CD9-84F0-FD939B74DDB6}.Release|Any CPU.Build.0 = Release|Any CPU
		{7A6D354C-8C20-4CD9-84F0-FD939B74DDB6}.Release|Any CPU.Deploy.0 = Release|Any CPU
		{7A6D354C-8C20-4CD9-84F0-FD939B74DDB6}.Release|Mixed Platforms.ActiveCfg = Release|Any CPU
		{7A6D354C-8C20-4CD9-84F0-FD939B74DDB6}.Release|Mixed Platforms.Build.0 = Release|Any CPU
		{7A6D354C-8C20-4CD9-84F0-FD939B74DDB6}.Release|Mixed Platforms.Deploy.0 = Release|Any CPU
		{7A6D354C-8C20-4CD9-84F0-FD939B74DDB6}.Release|x86.ActiveCfg = Release|Any CPU
		{3927BCA2-FCF5-4C6C-B589-188A58355156}.Debug_Fast|Any CPU.ActiveCfg = Debug_Fast|Any CPU
		{3927BCA2-FCF5-4C6C-B589-188A58355156}.Debug_Fast|Any CPU.Build.0 = Debug_Fast|Any CPU
		{3927BCA2-FCF5-4C6C-B589-188A58355156}.Debug_Fast|Any CPU.Deploy.0 = Debug_Fast|Any CPU
		{3927BCA2-FCF5-4C6C-B589-188A58355156}.Debug_Fast|Mixed Platforms.ActiveCfg = Debug_Fast|Any CPU
		{3927BCA2-FCF5-4C6C-B589-188A58355156}.Debug_Fast|Mixed Platforms.Build.0 = Debug_Fast|Any CPU
		{3927BCA2-FCF5-4C6C-B589-188A58355156}.Debug_Fast|Mixed Platforms.Deploy.0 = Debug_Fast|Any CPU
		{3927BCA2-FCF5-4C6C-B589-188A58355156}.Debug_Fast|x86.ActiveCfg = Debug_Fast|Any CPU
		{3927BCA2-FCF5-4C6C-B589-188A58355156}.Debug|Any CPU.ActiveCfg = Debug|Any CPU
		{3927BCA2-FCF5-4C6C-B589-188A58355156}.Debug|Any CPU.Build.0 = Debug|Any CPU
		{3927BCA2-FCF5-4C6C-B589-188A58355156}.Debug|Any CPU.Deploy.0 = Debug|Any CPU
		{3927BCA2-FCF5-4C6C-B589-188A58355156}.Debug|Mixed Platforms.ActiveCfg = Debug|Any CPU
		{3927BCA2-FCF5-4C6C-B589-188A58355156}.Debug|Mixed Platforms.Build.0 = Debug|Any CPU
		{3927BCA2-FCF5-4C6C-B589-188A58355156}.Debug|Mixed Platforms.Deploy.0 = Debug|Any CPU
		{3927BCA2-FCF5-4C6C-B589-188A58355156}.Debug|x86.ActiveCfg = Debug|Any CPU
		{3927BCA2-FCF5-4C6C-B589-188A58355156}.Release|Any CPU.ActiveCfg = Release|Any CPU
		{3927BCA2-FCF5-4C6C-B589-188A58355156}.Release|Any CPU.Build.0 = Release|Any CPU
		{3927BCA2-FCF5-4C6C-B589-188A58355156}.Release|Any CPU.Deploy.0 = Release|Any CPU
		{3927BCA2-FCF5-4C6C-B589-188A58355156}.Release|Mixed Platforms.ActiveCfg = Release|Any CPU
		{3927BCA2-FCF5-4C6C-B589-188A58355156}.Release|Mixed Platforms.Build.0 = Release|Any CPU
		{3927BCA2-FCF5-4C6C-B589-188A58355156}.Release|Mixed Platforms.Deploy.0 = Release|Any CPU
		{3927BCA2-FCF5-4C6C-B589-188A58355156}.Release|x86.ActiveCfg = Release|Any CPU
		{8842E158-2291-4F39-BA39-23D8682AFD49}.Debug_Fast|Any CPU.ActiveCfg = Debug|Any CPU
		{8842E158-2291-4F39-BA39-23D8682AFD49}.Debug_Fast|Any CPU.Build.0 = Debug|Any CPU
		{8842E158-2291-4F39-BA39-23D8682AFD49}.Debug_Fast|Any CPU.Deploy.0 = Debug|Any CPU
		{8842E158-2291-4F39-BA39-23D8682AFD49}.Debug_Fast|Mixed Platforms.ActiveCfg = Debug|Any CPU
		{8842E158-2291-4F39-BA39-23D8682AFD49}.Debug_Fast|Mixed Platforms.Build.0 = Debug|Any CPU
		{8842E158-2291-4F39-BA39-23D8682AFD49}.Debug_Fast|Mixed Platforms.Deploy.0 = Debug|Any CPU
		{8842E158-2291-4F39-BA39-23D8682AFD49}.Debug_Fast|x86.ActiveCfg = Debug|Any CPU
		{8842E158-2291-4F39-BA39-23D8682AFD49}.Debug|Any CPU.ActiveCfg = Debug|Any CPU
		{8842E158-2291-4F39-BA39-23D8682AFD49}.Debug|Any CPU.Build.0 = Debug|Any CPU
		{8842E158-2291-4F39-BA39-23D8682AFD49}.Debug|Any CPU.Deploy.0 = Debug|Any CPU
		{8842E158-2291-4F39-BA39-23D8682AFD49}.Debug|Mixed Platforms.ActiveCfg = Debug|Any CPU
		{8842E158-2291-4F39-BA39-23D8682AFD49}.Debug|Mixed Platforms.Build.0 = Debug|Any CPU
		{8842E158-2291-4F39-BA39-23D8682AFD49}.Debug|Mixed Platforms.Deploy.0 = Debug|Any CPU
		{8842E158-2291-4F39-BA39-23D8682AFD49}.Debug|x86.ActiveCfg = Debug|Any CPU
		{8842E158-2291-4F39-BA39-23D8682AFD49}.Release|Any CPU.ActiveCfg = Release|Any CPU
		{8842E158-2291-4F39-BA39-23D8682AFD49}.Release|Any CPU.Build.0 = Release|Any CPU
		{8842E158-2291-4F39-BA39-23D8682AFD49}.Release|Any CPU.Deploy.0 = Release|Any CPU
		{8842E158-2291-4F39-BA39-23D8682AFD49}.Release|Mixed Platforms.ActiveCfg = Release|Any CPU
		{8842E158-2291-4F39-BA39-23D8682AFD49}.Release|Mixed Platforms.Build.0 = Release|Any CPU
		{8842E158-2291-4F39-BA39-23D8682AFD49}.Release|Mixed Platforms.Deploy.0 = Release|Any CPU
		{8842E158-2291-4F39-BA39-23D8682AFD49}.Release|x86.ActiveCfg = Release|Any CPU
		{BF0F0FF2-1BCE-4A9D-AFB3-BDEA79B6B28A}.Debug_Fast|Any CPU.ActiveCfg = Debug|Any CPU
		{BF0F0FF2-1BCE-4A9D-AFB3-BDEA79B6B28A}.Debug_Fast|Any CPU.Build.0 = Debug|Any CPU
		{BF0F0FF2-1BCE-4A9D-AFB3-BDEA79B6B28A}.Debug_Fast|Mixed Platforms.ActiveCfg = Debug|Any CPU
		{BF0F0FF2-1BCE-4A9D-AFB3-BDEA79B6B28A}.Debug_Fast|Mixed Platforms.Build.0 = Debug|Any CPU
		{BF0F0FF2-1BCE-4A9D-AFB3-BDEA79B6B28A}.Debug_Fast|x86.ActiveCfg = Debug|Any CPU
		{BF0F0FF2-1BCE-4A9D-AFB3-BDEA79B6B28A}.Debug|Any CPU.ActiveCfg = Debug|Any CPU
		{BF0F0FF2-1BCE-4A9D-AFB3-BDEA79B6B28A}.Debug|Any CPU.Build.0 = Debug|Any CPU
		{BF0F0FF2-1BCE-4A9D-AFB3-BDEA79B6B28A}.Debug|Mixed Platforms.ActiveCfg = Debug|Any CPU
		{BF0F0FF2-1BCE-4A9D-AFB3-BDEA79B6B28A}.Debug|Mixed Platforms.Build.0 = Debug|Any CPU
		{BF0F0FF2-1BCE-4A9D-AFB3-BDEA79B6B28A}.Debug|x86.ActiveCfg = Debug|Any CPU
		{BF0F0FF2-1BCE-4A9D-AFB3-BDEA79B6B28A}.Release|Any CPU.ActiveCfg = Release|Any CPU
		{BF0F0FF2-1BCE-4A9D-AFB3-BDEA79B6B28A}.Release|Any CPU.Build.0 = Release|Any CPU
		{BF0F0FF2-1BCE-4A9D-AFB3-BDEA79B6B28A}.Release|Mixed Platforms.ActiveCfg = Release|Any CPU
		{BF0F0FF2-1BCE-4A9D-AFB3-BDEA79B6B28A}.Release|Mixed Platforms.Build.0 = Release|Any CPU
		{BF0F0FF2-1BCE-4A9D-AFB3-BDEA79B6B28A}.Release|x86.ActiveCfg = Release|Any CPU
		{3F4EAE99-0D01-445C-B64E-16341AF7A6ED}.Debug_Fast|Any CPU.ActiveCfg = Debug|Any CPU
		{3F4EAE99-0D01-445C-B64E-16341AF7A6ED}.Debug_Fast|Any CPU.Build.0 = Debug|Any CPU
		{3F4EAE99-0D01-445C-B64E-16341AF7A6ED}.Debug_Fast|Mixed Platforms.ActiveCfg = Debug|Any CPU
		{3F4EAE99-0D01-445C-B64E-16341AF7A6ED}.Debug_Fast|Mixed Platforms.Build.0 = Debug|Any CPU
		{3F4EAE99-0D01-445C-B64E-16341AF7A6ED}.Debug_Fast|x86.ActiveCfg = Debug|Any CPU
		{3F4EAE99-0D01-445C-B64E-16341AF7A6ED}.Debug|Any CPU.ActiveCfg = Debug|Any CPU
		{3F4EAE99-0D01-445C-B64E-16341AF7A6ED}.Debug|Any CPU.Build.0 = Debug|Any CPU
		{3F4EAE99-0D01-445C-B64E-16341AF7A6ED}.Debug|Mixed Platforms.ActiveCfg = Debug|Any CPU
		{3F4EAE99-0D01-445C-B64E-16341AF7A6ED}.Debug|Mixed Platforms.Build.0 = Debug|Any CPU
		{3F4EAE99-0D01-445C-B64E-16341AF7A6ED}.Debug|x86.ActiveCfg = Debug|Any CPU
		{3F4EAE99-0D01-445C-B64E-16341AF7A6ED}.Release|Any CPU.ActiveCfg = Release|Any CPU
		{3F4EAE99-0D01-445C-B64E-16341AF7A6ED}.Release|Any CPU.Build.0 = Release|Any CPU
		{3F4EAE99-0D01-445C-B64E-16341AF7A6ED}.Release|Mixed Platforms.ActiveCfg = Release|Any CPU
		{3F4EAE99-0D01-445C-B64E-16341AF7A6ED}.Release|Mixed Platforms.Build.0 = Release|Any CPU
		{3F4EAE99-0D01-445C-B64E-16341AF7A6ED}.Release|x86.ActiveCfg = Release|Any CPU
		{C530F579-FB91-4237-BEB6-60CFFD5E7E12}.Debug_Fast|Any CPU.ActiveCfg = Debug|Any CPU
		{C530F579-FB91-4237-BEB6-60CFFD5E7E12}.Debug_Fast|Any CPU.Build.0 = Debug|Any CPU
		{C530F579-FB91-4237-BEB6-60CFFD5E7E12}.Debug_Fast|Any CPU.Deploy.0 = Debug|Any CPU
		{C530F579-FB91-4237-BEB6-60CFFD5E7E12}.Debug_Fast|Mixed Platforms.ActiveCfg = Debug|Any CPU
		{C530F579-FB91-4237-BEB6-60CFFD5E7E12}.Debug_Fast|Mixed Platforms.Build.0 = Debug|Any CPU
		{C530F579-FB91-4237-BEB6-60CFFD5E7E12}.Debug_Fast|Mixed Platforms.Deploy.0 = Debug|Any CPU
		{C530F579-FB91-4237-BEB6-60CFFD5E7E12}.Debug_Fast|x86.ActiveCfg = Debug|Any CPU
		{C530F579-FB91-4237-BEB6-60CFFD5E7E12}.Debug|Any CPU.ActiveCfg = Debug|Any CPU
		{C530F579-FB91-4237-BEB6-60CFFD5E7E12}.Debug|Any CPU.Build.0 = Debug|Any CPU
		{C530F579-FB91-4237-BEB6-60CFFD5E7E12}.Debug|Any CPU.Deploy.0 = Debug|Any CPU
		{C530F579-FB91-4237-BEB6-60CFFD5E7E12}.Debug|Mixed Platforms.ActiveCfg = Debug|Any CPU
		{C530F579-FB91-4237-BEB6-60CFFD5E7E12}.Debug|Mixed Platforms.Build.0 = Debug|Any CPU
		{C530F579-FB91-4237-BEB6-60CFFD5E7E12}.Debug|Mixed Platforms.Deploy.0 = Debug|Any CPU
		{C530F579-FB91-4237-BEB6-60CFFD5E7E12}.Debug|x86.ActiveCfg = Debug|Any CPU
		{C530F579-FB91-4237-BEB6-60CFFD5E7E12}.Release|Any CPU.ActiveCfg = Release|Any CPU
		{C530F579-FB91-4237-BEB6-60CFFD5E7E12}.Release|Any CPU.Build.0 = Release|Any CPU
		{C530F579-FB91-4237-BEB6-60CFFD5E7E12}.Release|Any CPU.Deploy.0 = Release|Any CPU
		{C530F579-FB91-4237-BEB6-60CFFD5E7E12}.Release|Mixed Platforms.ActiveCfg = Release|Any CPU
		{C530F579-FB91-4237-BEB6-60CFFD5E7E12}.Release|Mixed Platforms.Build.0 = Release|Any CPU
		{C530F579-FB91-4237-BEB6-60CFFD5E7E12}.Release|Mixed Platforms.Deploy.0 = Release|Any CPU
		{C530F579-FB91-4237-BEB6-60CFFD5E7E12}.Release|x86.ActiveCfg = Release|Any CPU
		{90F07977-526C-491F-91D8-D1210C15F9E6}.Debug_Fast|Any CPU.ActiveCfg = Debug|x86
		{90F07977-526C-491F-91D8-D1210C15F9E6}.Debug_Fast|Mixed Platforms.ActiveCfg = Debug|x86
		{90F07977-526C-491F-91D8-D1210C15F9E6}.Debug_Fast|Mixed Platforms.Build.0 = Debug|x86
		{90F07977-526C-491F-91D8-D1210C15F9E6}.Debug_Fast|x86.ActiveCfg = Debug|x86
		{90F07977-526C-491F-91D8-D1210C15F9E6}.Debug_Fast|x86.Build.0 = Debug|x86
		{90F07977-526C-491F-91D8-D1210C15F9E6}.Debug|Any CPU.ActiveCfg = Debug|x86
		{90F07977-526C-491F-91D8-D1210C15F9E6}.Debug|Mixed Platforms.ActiveCfg = Debug|x86
		{90F07977-526C-491F-91D8-D1210C15F9E6}.Debug|Mixed Platforms.Build.0 = Debug|x86
		{90F07977-526C-491F-91D8-D1210C15F9E6}.Debug|x86.ActiveCfg = Debug|x86
		{90F07977-526C-491F-91D8-D1210C15F9E6}.Debug|x86.Build.0 = Debug|x86
		{90F07977-526C-491F-91D8-D1210C15F9E6}.Release|Any CPU.ActiveCfg = Release|x86
		{90F07977-526C-491F-91D8-D1210C15F9E6}.Release|Mixed Platforms.ActiveCfg = Release|x86
		{90F07977-526C-491F-91D8-D1210C15F9E6}.Release|Mixed Platforms.Build.0 = Release|x86
		{90F07977-526C-491F-91D8-D1210C15F9E6}.Release|x86.ActiveCfg = Release|x86
		{90F07977-526C-491F-91D8-D1210C15F9E6}.Release|x86.Build.0 = Release|x86
		{AC93C88D-4A95-48CD-BA6E-146A03AFEA53}.Debug_Fast|Any CPU.ActiveCfg = Debug_Fast|Any CPU
		{AC93C88D-4A95-48CD-BA6E-146A03AFEA53}.Debug_Fast|Any CPU.Build.0 = Debug_Fast|Any CPU
		{AC93C88D-4A95-48CD-BA6E-146A03AFEA53}.Debug_Fast|Mixed Platforms.ActiveCfg = Debug_Fast|Any CPU
		{AC93C88D-4A95-48CD-BA6E-146A03AFEA53}.Debug_Fast|Mixed Platforms.Build.0 = Debug_Fast|Any CPU
		{AC93C88D-4A95-48CD-BA6E-146A03AFEA53}.Debug_Fast|x86.ActiveCfg = Debug_Fast|Any CPU
		{AC93C88D-4A95-48CD-BA6E-146A03AFEA53}.Debug|Any CPU.ActiveCfg = Debug|Any CPU
		{AC93C88D-4A95-48CD-BA6E-146A03AFEA53}.Debug|Any CPU.Build.0 = Debug|Any CPU
		{AC93C88D-4A95-48CD-BA6E-146A03AFEA53}.Debug|Mixed Platforms.ActiveCfg = Debug|Any CPU
		{AC93C88D-4A95-48CD-BA6E-146A03AFEA53}.Debug|Mixed Platforms.Build.0 = Debug|Any CPU
		{AC93C88D-4A95-48CD-BA6E-146A03AFEA53}.Debug|x86.ActiveCfg = Debug|Any CPU
		{AC93C88D-4A95-48CD-BA6E-146A03AFEA53}.Release|Any CPU.ActiveCfg = Release|Any CPU
		{AC93C88D-4A95-48CD-BA6E-146A03AFEA53}.Release|Any CPU.Build.0 = Release|Any CPU
		{AC93C88D-4A95-48CD-BA6E-146A03AFEA53}.Release|Mixed Platforms.ActiveCfg = Release|Any CPU
		{AC93C88D-4A95-48CD-BA6E-146A03AFEA53}.Release|Mixed Platforms.Build.0 = Release|Any CPU
		{AC93C88D-4A95-48CD-BA6E-146A03AFEA53}.Release|x86.ActiveCfg = Release|Any CPU
	EndGlobalSection
	GlobalSection(SolutionProperties) = preSolution
		HideSolutionNode = FALSE
	EndGlobalSection
EndGlobal
